
Microsoft Visual Studio Solution File, Format Version 12.00
# Visual Studio 15
Project("{FAE04EC0-301F-11D3-BF4B-00C04F79EFBC}") = "Menu_v1.2", "Menu_v1.2\Menu_v1.2.csproj", "{37FCD90E-4CB9-4323-8030-3D8F63617789}"
EndProject
Global
	GlobalSection(SolutionConfigurationPlatforms) = preSolution
		Debug|x86 = Debug|x86
		Release|x86 = Release|x86
	EndGlobalSection
	GlobalSection(ProjectConfigurationPlatforms) = postSolution
		{37FCD90E-4CB9-4323-8030-3D8F63617789}.Debug|x86.ActiveCfg = Debug|x86
		{37FCD90E-4CB9-4323-8030-3D8F63617789}.Debug|x86.Build.0 = Debug|x86
		{37FCD90E-4CB9-4323-8030-3D8F63617789}.Release|x86.ActiveCfg = Release|x86
		{37FCD90E-4CB9-4323-8030-3D8F63617789}.Release|x86.Build.0 = Release|x86
	EndGlobalSection
EndGlobal
